
Microsoft Visual Studio Solution File, Format Version 12.00
# Visual Studio 14
VisualStudioVersion = 14.0.25420.1
MinimumVisualStudioVersion = 10.0.40219.1
Project("{FAE04EC0-301F-11D3-BF4B-00C04F79EFBC}") = "HoloQuickNav", "HoloQuickNav\HoloQuickNav.csproj", "{13A45C13-3265-47B8-BC48-A553B569DF55}"
EndProject
Project("{FAE04EC0-301F-11D3-BF4B-00C04F79EFBC}") = "Assembly-CSharp", "C:\D\HololensQuickNav-github\src\HoloQuickNav\App\GeneratedProjects\UWP\Assembly-CSharp\Assembly-CSharp.csproj", "{DE8CCE86-CA56-4D5B-AA4F-0821FE7896A9}"
EndProject
Project("{FAE04EC0-301F-11D3-BF4B-00C04F79EFBC}") = "Assembly-CSharp-firstpass", "C:\D\HololensQuickNav-github\src\HoloQuickNav\App\GeneratedProjects\UWP\Assembly-CSharp-firstpass\Assembly-CSharp-firstpass.csproj", "{C5CF0D36-2136-4160-9FC9-3A7ABC23E696}"
EndProject
Global
	GlobalSection(SolutionConfigurationPlatforms) = preSolution
		Debug|ARM = Debug|ARM
		Debug|x64 = Debug|x64
		Debug|x86 = Debug|x86
		Master|ARM = Master|ARM
		Master|x64 = Master|x64
		Master|x86 = Master|x86
		Release|ARM = Release|ARM
		Release|x64 = Release|x64
		Release|x86 = Release|x86
	EndGlobalSection
	GlobalSection(ProjectConfigurationPlatforms) = postSolution
		{13A45C13-3265-47B8-BC48-A553B569DF55}.Debug|ARM.ActiveCfg = Debug|ARM
		{13A45C13-3265-47B8-BC48-A553B569DF55}.Debug|ARM.Build.0 = Debug|ARM
		{13A45C13-3265-47B8-BC48-A553B569DF55}.Debug|ARM.Deploy.0 = Debug|ARM
		{13A45C13-3265-47B8-BC48-A553B569DF55}.Debug|x64.ActiveCfg = Debug|x64
		{13A45C13-3265-47B8-BC48-A553B569DF55}.Debug|x64.Build.0 = Debug|x64
		{13A45C13-3265-47B8-BC48-A553B569DF55}.Debug|x64.Deploy.0 = Debug|x64
		{13A45C13-3265-47B8-BC48-A553B569DF55}.Debug|x86.ActiveCfg = Debug|x86
		{13A45C13-3265-47B8-BC48-A553B569DF55}.Debug|x86.Build.0 = Debug|x86
		{13A45C13-3265-47B8-BC48-A553B569DF55}.Debug|x86.Deploy.0 = Debug|x86
		{13A45C13-3265-47B8-BC48-A553B569DF55}.Master|ARM.ActiveCfg = Master|ARM
		{13A45C13-3265-47B8-BC48-A553B569DF55}.Master|ARM.Build.0 = Master|ARM
		{13A45C13-3265-47B8-BC48-A553B569DF55}.Master|ARM.Deploy.0 = Master|ARM
		{13A45C13-3265-47B8-BC48-A553B569DF55}.Master|x64.ActiveCfg = Master|x64
		{13A45C13-3265-47B8-BC48-A553B569DF55}.Master|x64.Build.0 = Master|x64
		{13A45C13-3265-47B8-BC48-A553B569DF55}.Master|x64.Deploy.0 = Master|x64
		{13A45C13-3265-47B8-BC48-A553B569DF55}.Master|x86.ActiveCfg = Master|x86
		{13A45C13-3265-47B8-BC48-A553B569DF55}.Master|x86.Build.0 = Master|x86
		{13A45C13-3265-47B8-BC48-A553B569DF55}.Master|x86.Deploy.0 = Master|x86
		{13A45C13-3265-47B8-BC48-A553B569DF55}.Release|ARM.ActiveCfg = Release|ARM
		{13A45C13-3265-47B8-BC48-A553B569DF55}.Release|ARM.Build.0 = Release|ARM
		{13A45C13-3265-47B8-BC48-A553B569DF55}.Release|ARM.Deploy.0 = Release|ARM
		{13A45C13-3265-47B8-BC48-A553B569DF55}.Release|x64.ActiveCfg = Release|x64
		{13A45C13-3265-47B8-BC48-A553B569DF55}.Release|x64.Build.0 = Release|x64
		{13A45C13-3265-47B8-BC48-A553B569DF55}.Release|x64.Deploy.0 = Release|x64
		{13A45C13-3265-47B8-BC48-A553B569DF55}.Release|x86.ActiveCfg = Release|x86
		{13A45C13-3265-47B8-BC48-A553B569DF55}.Release|x86.Build.0 = Release|x86
		{13A45C13-3265-47B8-BC48-A553B569DF55}.Release|x86.Deploy.0 = Release|x86
		{DE8CCE86-CA56-4D5B-AA4F-0821FE7896A9}.Debug|ARM.ActiveCfg = Debug|ARM
		{DE8CCE86-CA56-4D5B-AA4F-0821FE7896A9}.Debug|ARM.Build.0 = Debug|ARM
		{DE8CCE86-CA56-4D5B-AA4F-0821FE7896A9}.Debug|x64.ActiveCfg = Debug|x64
		{DE8CCE86-CA56-4D5B-AA4F-0821FE7896A9}.Debug|x64.Build.0 = Debug|x64
		{DE8CCE86-CA56-4D5B-AA4F-0821FE7896A9}.Debug|x86.ActiveCfg = Debug|x86
		{DE8CCE86-CA56-4D5B-AA4F-0821FE7896A9}.Debug|x86.Build.0 = Debug|x86
		{DE8CCE86-CA56-4D5B-AA4F-0821FE7896A9}.Master|ARM.ActiveCfg = Master|ARM
		{DE8CCE86-CA56-4D5B-AA4F-0821FE7896A9}.Master|ARM.Build.0 = Master|ARM
		{DE8CCE86-CA56-4D5B-AA4F-0821FE7896A9}.Master|x64.ActiveCfg = Master|x64
		{DE8CCE86-CA56-4D5B-AA4F-0821FE7896A9}.Master|x64.Build.0 = Master|x64
		{DE8CCE86-CA56-4D5B-AA4F-0821FE7896A9}.Master|x86.ActiveCfg = Master|x86
		{DE8CCE86-CA56-4D5B-AA4F-0821FE7896A9}.Master|x86.Build.0 = Master|x86
		{DE8CCE86-CA56-4D5B-AA4F-0821FE7896A9}.Release|ARM.ActiveCfg = Release|ARM
		{DE8CCE86-CA56-4D5B-AA4F-0821FE7896A9}.Release|ARM.Build.0 = Release|ARM
		{DE8CCE86-CA56-4D5B-AA4F-0821FE7896A9}.Release|x64.ActiveCfg = Release|x64
		{DE8CCE86-CA56-4D5B-AA4F-0821FE7896A9}.Release|x64.Build.0 = Release|x64
		{DE8CCE86-CA56-4D5B-AA4F-0821FE7896A9}.Release|x86.ActiveCfg = Release|x86
		{DE8CCE86-CA56-4D5B-AA4F-0821FE7896A9}.Release|x86.Build.0 = Release|x86
		{C5CF0D36-2136-4160-9FC9-3A7ABC23E696}.Debug|ARM.ActiveCfg = Debug|ARM
		{C5CF0D36-2136-4160-9FC9-3A7ABC23E696}.Debug|ARM.Build.0 = Debug|ARM
		{C5CF0D36-2136-4160-9FC9-3A7ABC23E696}.Debug|x64.ActiveCfg = Debug|x64
		{C5CF0D36-2136-4160-9FC9-3A7ABC23E696}.Debug|x64.Build.0 = Debug|x64
		{C5CF0D36-2136-4160-9FC9-3A7ABC23E696}.Debug|x86.ActiveCfg = Debug|x86
		{C5CF0D36-2136-4160-9FC9-3A7ABC23E696}.Debug|x86.Build.0 = Debug|x86
		{C5CF0D36-2136-4160-9FC9-3A7ABC23E696}.Master|ARM.ActiveCfg = Master|ARM
		{C5CF0D36-2136-4160-9FC9-3A7ABC23E696}.Master|ARM.Build.0 = Master|ARM
		{C5CF0D36-2136-4160-9FC9-3A7ABC23E696}.Master|x64.ActiveCfg = Master|x64
		{C5CF0D36-2136-4160-9FC9-3A7ABC23E696}.Master|x64.Build.0 = Master|x64
		{C5CF0D36-2136-4160-9FC9-3A7ABC23E696}.Master|x86.ActiveCfg = Master|x86
		{C5CF0D36-2136-4160-9FC9-3A7ABC23E696}.Master|x86.Build.0 = Master|x86
		{C5CF0D36-2136-4160-9FC9-3A7ABC23E696}.Release|ARM.ActiveCfg = Release|ARM
		{C5CF0D36-2136-4160-9FC9-3A7ABC23E696}.Release|ARM.Build.0 = Release|ARM
		{C5CF0D36-2136-4160-9FC9-3A7ABC23E696}.Release|x64.ActiveCfg = Release|x64
		{C5CF0D36-2136-4160-9FC9-3A7ABC23E696}.Release|x64.Build.0 = Release|x64
		{C5CF0D36-2136-4160-9FC9-3A7ABC23E696}.Release|x86.ActiveCfg = Release|x86
		{C5CF0D36-2136-4160-9FC9-3A7ABC23E696}.Release|x86.Build.0 = Release|x86
	EndGlobalSection
	GlobalSection(SolutionProperties) = preSolution
		HideSolutionNode = FALSE
	EndGlobalSection
EndGlobal
