
Microsoft Visual Studio Solution File, Format Version 12.00
# Visual Studio 15
Project("{FAE04EC0-301F-11D3-BF4B-00C04F79EFBC}") = "HoloQuickNav2", "Assembly-CSharp.csproj", "{36D38574-295C-5AF9-A91D-7538AB0D9606}"
EndProject
Project("{FAE04EC0-301F-11D3-BF4B-00C04F79EFBC}") = "HoloQuickNav2", "Assembly-CSharp-Editor.csproj", "{03356BEF-6E8F-E21C-6578-FFB1E8C1F315}"
EndProject
Global
	GlobalSection(SolutionConfigurationPlatforms) = preSolution
		Debug|Any CPU = Debug|Any CPU
		Release|Any CPU = Release|Any CPU
	EndGlobalSection
	GlobalSection(ProjectConfigurationPlatforms) = postSolution
		{36D38574-295C-5AF9-A91D-7538AB0D9606}.Debug|Any CPU.ActiveCfg = Debug|Any CPU
		{36D38574-295C-5AF9-A91D-7538AB0D9606}.Debug|Any CPU.Build.0 = Debug|Any CPU
		{36D38574-295C-5AF9-A91D-7538AB0D9606}.Release|Any CPU.ActiveCfg = Release|Any CPU
		{36D38574-295C-5AF9-A91D-7538AB0D9606}.Release|Any CPU.Build.0 = Release|Any CPU
		{03356BEF-6E8F-E21C-6578-FFB1E8C1F315}.Debug|Any CPU.ActiveCfg = Debug|Any CPU
		{03356BEF-6E8F-E21C-6578-FFB1E8C1F315}.Debug|Any CPU.Build.0 = Debug|Any CPU
		{03356BEF-6E8F-E21C-6578-FFB1E8C1F315}.Release|Any CPU.ActiveCfg = Release|Any CPU
		{03356BEF-6E8F-E21C-6578-FFB1E8C1F315}.Release|Any CPU.Build.0 = Release|Any CPU
	EndGlobalSection
	GlobalSection(SolutionProperties) = preSolution
		HideSolutionNode = FALSE
	EndGlobalSection
EndGlobal
